
Microsoft Visual Studio Solution File, Format Version 12.00
# Visual Studio 15
VisualStudioVersion = 15.0.26730.12
MinimumVisualStudioVersion = 10.0.40219.1
Project("{FAE04EC0-301F-11D3-BF4B-00C04F79EFBC}") = "from 16.10.2017", "from 16.10.2017\from 16.10.2017.csproj", "{DBE8FF4A-3AC3-47D8-9062-AB80EC032820}"
EndProject
Global
	GlobalSection(SolutionConfigurationPlatforms) = preSolution
		Debug|Any CPU = Debug|Any CPU
		Release|Any CPU = Release|Any CPU
	EndGlobalSection
	GlobalSection(ProjectConfigurationPlatforms) = postSolution
		{DBE8FF4A-3AC3-47D8-9062-AB80EC032820}.Debug|Any CPU.ActiveCfg = Debug|Any CPU
		{DBE8FF4A-3AC3-47D8-9062-AB80EC032820}.Debug|Any CPU.Build.0 = Debug|Any CPU
		{DBE8FF4A-3AC3-47D8-9062-AB80EC032820}.Release|Any CPU.ActiveCfg = Release|Any CPU
		{DBE8FF4A-3AC3-47D8-9062-AB80EC032820}.Release|Any CPU.Build.0 = Release|Any CPU
	EndGlobalSection
	GlobalSection(SolutionProperties) = preSolution
		HideSolutionNode = FALSE
	EndGlobalSection
	GlobalSection(ExtensibilityGlobals) = postSolution
		SolutionGuid = {028A30D1-8C4A-4D96-83A6-4E7B071B7027}
	EndGlobalSection
EndGlobal
