
Microsoft Visual Studio Solution File, Format Version 12.00
# Visual Studio 15
VisualStudioVersion = 15.0.26730.12
MinimumVisualStudioVersion = 10.0.40219.1
Project("{FAE04EC0-301F-11D3-BF4B-00C04F79EFBC}") = "Hello World", "Hello World\Hello World.csproj", "{D9E2636E-A879-44DC-B73F-450D1B243E5F}"
EndProject
Global
	GlobalSection(SolutionConfigurationPlatforms) = preSolution
		Debug|Any CPU = Debug|Any CPU
		Release|Any CPU = Release|Any CPU
	EndGlobalSection
	GlobalSection(ProjectConfigurationPlatforms) = postSolution
		{D9E2636E-A879-44DC-B73F-450D1B243E5F}.Debug|Any CPU.ActiveCfg = Debug|Any CPU
		{D9E2636E-A879-44DC-B73F-450D1B243E5F}.Debug|Any CPU.Build.0 = Debug|Any CPU
		{D9E2636E-A879-44DC-B73F-450D1B243E5F}.Release|Any CPU.ActiveCfg = Release|Any CPU
		{D9E2636E-A879-44DC-B73F-450D1B243E5F}.Release|Any CPU.Build.0 = Release|Any CPU
	EndGlobalSection
	GlobalSection(SolutionProperties) = preSolution
		HideSolutionNode = FALSE
	EndGlobalSection
	GlobalSection(ExtensibilityGlobals) = postSolution
		SolutionGuid = {6AA10EC7-CC87-4FE3-9309-C7A7BFF078F5}
	EndGlobalSection
EndGlobal
