
Microsoft Visual Studio Solution File, Format Version 12.00
# Visual Studio 15
VisualStudioVersion = 15.0.27428.2015
MinimumVisualStudioVersion = 10.0.40219.1
Project("{FAE04EC0-301F-11D3-BF4B-00C04F79EFBC}") = "GifApp", "GifApp\GifApp.csproj", "{EDCD5528-C33B-4A6A-B7F4-4327255FC1D2}"
EndProject
Global
	GlobalSection(SolutionConfigurationPlatforms) = preSolution
		Debug|Any CPU = Debug|Any CPU
		Release|Any CPU = Release|Any CPU
	EndGlobalSection
	GlobalSection(ProjectConfigurationPlatforms) = postSolution
		{EDCD5528-C33B-4A6A-B7F4-4327255FC1D2}.Debug|Any CPU.ActiveCfg = Debug|Any CPU
		{EDCD5528-C33B-4A6A-B7F4-4327255FC1D2}.Debug|Any CPU.Build.0 = Debug|Any CPU
		{EDCD5528-C33B-4A6A-B7F4-4327255FC1D2}.Release|Any CPU.ActiveCfg = Release|Any CPU
		{EDCD5528-C33B-4A6A-B7F4-4327255FC1D2}.Release|Any CPU.Build.0 = Release|Any CPU
	EndGlobalSection
	GlobalSection(SolutionProperties) = preSolution
		HideSolutionNode = FALSE
	EndGlobalSection
	GlobalSection(ExtensibilityGlobals) = postSolution
		SolutionGuid = {5D086C62-54C3-4CFB-8E91-1D954881C107}
	EndGlobalSection
EndGlobal
