
Microsoft Visual Studio Solution File, Format Version 12.00
# Visual Studio 15
VisualStudioVersion = 15.0.26730.12
MinimumVisualStudioVersion = 10.0.40219.1
Project("{FAE04EC0-301F-11D3-BF4B-00C04F79EFBC}") = "from 17.10.17", "from 17.10.17\from 17.10.17.csproj", "{E93A13DC-0879-482C-99FC-D2D2CACCC6F5}"
EndProject
Global
	GlobalSection(SolutionConfigurationPlatforms) = preSolution
		Debug|Any CPU = Debug|Any CPU
		Release|Any CPU = Release|Any CPU
	EndGlobalSection
	GlobalSection(ProjectConfigurationPlatforms) = postSolution
		{E93A13DC-0879-482C-99FC-D2D2CACCC6F5}.Debug|Any CPU.ActiveCfg = Debug|Any CPU
		{E93A13DC-0879-482C-99FC-D2D2CACCC6F5}.Debug|Any CPU.Build.0 = Debug|Any CPU
		{E93A13DC-0879-482C-99FC-D2D2CACCC6F5}.Release|Any CPU.ActiveCfg = Release|Any CPU
		{E93A13DC-0879-482C-99FC-D2D2CACCC6F5}.Release|Any CPU.Build.0 = Release|Any CPU
	EndGlobalSection
	GlobalSection(SolutionProperties) = preSolution
		HideSolutionNode = FALSE
	EndGlobalSection
	GlobalSection(ExtensibilityGlobals) = postSolution
		SolutionGuid = {5FD4E9AA-0ED2-4319-97E3-1FE74D5B82B7}
	EndGlobalSection
EndGlobal
